// !$*UTF8*$!
{
	archiveVersion = 1;
	classes = {
	};
	objectVersion = 50;
	objects = {

/* Begin PBXBuildFile section */
		A125939524950A4700DEBBB3 /* XzClockConst.swift in Sources */ = {isa = PBXBuildFile; fileRef = A125939424950A4700DEBBB3 /* XzClockConst.swift */; };
		A16C0F4324939D7B0067C6B6 /* XzClockLayer.swift in Sources */ = {isa = PBXBuildFile; fileRef = A16C0F4224939D7B0067C6B6 /* XzClockLayer.swift */; };
		A16C0F452493AAFC0067C6B6 /* XzUtils.swift in Sources */ = {isa = PBXBuildFile; fileRef = A16C0F442493AAFC0067C6B6 /* XzUtils.swift */; };
		A16FB009248BBEE30046D1DF /* XzLapTableVC.swift in Sources */ = {isa = PBXBuildFile; fileRef = A16FB008248BBEE30046D1DF /* XzLapTableVC.swift */; };
		A16FB00D248BC8160046D1DF /* XzRoundButton.swift in Sources */ = {isa = PBXBuildFile; fileRef = A16FB00C248BC8160046D1DF /* XzRoundButton.swift */; };
		A16FB011248BD9F20046D1DF /* XzConstColor.swift in Sources */ = {isa = PBXBuildFile; fileRef = A16FB010248BD9F20046D1DF /* XzConstColor.swift */; };
		A16FB013248CC4300046D1DF /* XzClockDigitalVC.swift in Sources */ = {isa = PBXBuildFile; fileRef = A16FB012248CC4300046D1DF /* XzClockDigitalVC.swift */; };
		A16FB015248CC4750046D1DF /* XzClockAnalogVC.swift in Sources */ = {isa = PBXBuildFile; fileRef = A16FB014248CC4750046D1DF /* XzClockAnalogVC.swift */; };
		A16FB017248CC5810046D1DF /* XzClockPageVC.swift in Sources */ = {isa = PBXBuildFile; fileRef = A16FB016248CC5810046D1DF /* XzClockPageVC.swift */; };
		A179166A248B9BF3000710F2 /* AppDelegate.swift in Sources */ = {isa = PBXBuildFile; fileRef = A1791669248B9BF3000710F2 /* AppDelegate.swift */; };
		A1791673248B9BF4000710F2 /* Assets.xcassets in Resources */ = {isa = PBXBuildFile; fileRef = A1791672248B9BF4000710F2 /* Assets.xcassets */; };
		A1791676248B9BF4000710F2 /* LaunchScreen.storyboard in Resources */ = {isa = PBXBuildFile; fileRef = A1791674248B9BF4000710F2 /* LaunchScreen.storyboard */; };
		A1791681248B9BF4000710F2 /* clock_sampleTests.swift in Sources */ = {isa = PBXBuildFile; fileRef = A1791680248B9BF4000710F2 /* clock_sampleTests.swift */; };
		A179168C248B9BF4000710F2 /* clock_sampleUITests.swift in Sources */ = {isa = PBXBuildFile; fileRef = A179168B248B9BF4000710F2 /* clock_sampleUITests.swift */; };
		A179169A248B9E70000710F2 /* XzMainTabController.swift in Sources */ = {isa = PBXBuildFile; fileRef = A1791699248B9E70000710F2 /* XzMainTabController.swift */; };
		A179169D248B9EEA000710F2 /* XzWorldClockVC.swift in Sources */ = {isa = PBXBuildFile; fileRef = A179169C248B9EEA000710F2 /* XzWorldClockVC.swift */; };
		A179169F248B9F05000710F2 /* XzAlarmVC.swift in Sources */ = {isa = PBXBuildFile; fileRef = A179169E248B9F05000710F2 /* XzAlarmVC.swift */; };
		A17916A1248B9F16000710F2 /* XzBedTimeVC.swift in Sources */ = {isa = PBXBuildFile; fileRef = A17916A0248B9F16000710F2 /* XzBedTimeVC.swift */; };
		A17916A3248B9F22000710F2 /* XzStopwatchVC.swift in Sources */ = {isa = PBXBuildFile; fileRef = A17916A2248B9F22000710F2 /* XzStopwatchVC.swift */; };
		A17916A5248B9F35000710F2 /* XzTimerVC.swift in Sources */ = {isa = PBXBuildFile; fileRef = A17916A4248B9F35000710F2 /* XzTimerVC.swift */; };
		A19022062494D91000D36EE5 /* XzMinuteClockLayer.swift in Sources */ = {isa = PBXBuildFile; fileRef = A19022052494D91000D36EE5 /* XzMinuteClockLayer.swift */; };
		A190220B2494DABD00D36EE5 /* XzClockUtils.swift in Sources */ = {isa = PBXBuildFile; fileRef = A190220A2494DABD00D36EE5 /* XzClockUtils.swift */; };
		A1CA02D5248D1C3100E88597 /* XzLapTableCellVC.swift in Sources */ = {isa = PBXBuildFile; fileRef = A1CA02D4248D1C3100E88597 /* XzLapTableCellVC.swift */; };
		A1E1A0E6248F7806006CAB0E /* XzLapInfo.swift in Sources */ = {isa = PBXBuildFile; fileRef = A1E1A0E5248F7806006CAB0E /* XzLapInfo.swift */; };
		A1E1A0EA2490C4C6006CAB0E /* XzClockAnalogView.swift in Sources */ = {isa = PBXBuildFile; fileRef = A1E1A0E92490C4C6006CAB0E /* XzClockAnalogView.swift */; };
		A1FE5EF6248E482800BC88E5 /* XzTriggerButton.swift in Sources */ = {isa = PBXBuildFile; fileRef = A1FE5EF5248E482800BC88E5 /* XzTriggerButton.swift */; };
		A1FE5EF8248E4DD300BC88E5 /* XzExtraButton.swift in Sources */ = {isa = PBXBuildFile; fileRef = A1FE5EF7248E4DD300BC88E5 /* XzExtraButton.swift */; };
/* End PBXBuildFile section */

/* Begin PBXContainerItemProxy section */
		A179167D248B9BF4000710F2 /* PBXContainerItemProxy */ = {
			isa = PBXContainerItemProxy;
			containerPortal = A179165E248B9BF3000710F2 /* Project object */;
			proxyType = 1;
			remoteGlobalIDString = A1791665248B9BF3000710F2;
			remoteInfo = "clock-sample";
		};
		A1791688248B9BF4000710F2 /* PBXContainerItemProxy */ = {
			isa = PBXContainerItemProxy;
			containerPortal = A179165E248B9BF3000710F2 /* Project object */;
			proxyType = 1;
			remoteGlobalIDString = A1791665248B9BF3000710F2;
			remoteInfo = "clock-sample";
		};
/* End PBXContainerItemProxy section */

/* Begin PBXFileReference section */
		A125939424950A4700DEBBB3 /* XzClockConst.swift */ = {isa = PBXFileReference; lastKnownFileType = sourcecode.swift; path = XzClockConst.swift; sourceTree = "<group>"; };
		A16C0F4224939D7B0067C6B6 /* XzClockLayer.swift */ = {isa = PBXFileReference; lastKnownFileType = sourcecode.swift; path = XzClockLayer.swift; sourceTree = "<group>"; };
		A16C0F442493AAFC0067C6B6 /* XzUtils.swift */ = {isa = PBXFileReference; lastKnownFileType = sourcecode.swift; path = XzUtils.swift; sourceTree = "<group>"; };
		A16FB008248BBEE30046D1DF /* XzLapTableVC.swift */ = {isa = PBXFileReference; lastKnownFileType = sourcecode.swift; path = XzLapTableVC.swift; sourceTree = "<group>"; };
		A16FB00C248BC8160046D1DF /* XzRoundButton.swift */ = {isa = PBXFileReference; lastKnownFileType = sourcecode.swift; path = XzRoundButton.swift; sourceTree = "<group>"; };
		A16FB010248BD9F20046D1DF /* XzConstColor.swift */ = {isa = PBXFileReference; lastKnownFileType = sourcecode.swift; path = XzConstColor.swift; sourceTree = "<group>"; };
		A16FB012248CC4300046D1DF /* XzClockDigitalVC.swift */ = {isa = PBXFileReference; lastKnownFileType = sourcecode.swift; path = XzClockDigitalVC.swift; sourceTree = "<group>"; };
		A16FB014248CC4750046D1DF /* XzClockAnalogVC.swift */ = {isa = PBXFileReference; lastKnownFileType = sourcecode.swift; path = XzClockAnalogVC.swift; sourceTree = "<group>"; };
		A16FB016248CC5810046D1DF /* XzClockPageVC.swift */ = {isa = PBXFileReference; lastKnownFileType = sourcecode.swift; path = XzClockPageVC.swift; sourceTree = "<group>"; };
		A1791666248B9BF3000710F2 /* clock-sample.app */ = {isa = PBXFileReference; explicitFileType = wrapper.application; includeInIndex = 0; path = "clock-sample.app"; sourceTree = BUILT_PRODUCTS_DIR; };
		A1791669248B9BF3000710F2 /* AppDelegate.swift */ = {isa = PBXFileReference; lastKnownFileType = sourcecode.swift; path = AppDelegate.swift; sourceTree = "<group>"; };
		A1791672248B9BF4000710F2 /* Assets.xcassets */ = {isa = PBXFileReference; lastKnownFileType = folder.assetcatalog; path = Assets.xcassets; sourceTree = "<group>"; };
		A1791675248B9BF4000710F2 /* Base */ = {isa = PBXFileReference; lastKnownFileType = file.storyboard; name = Base; path = Base.lproj/LaunchScreen.storyboard; sourceTree = "<group>"; };
		A1791677248B9BF4000710F2 /* Info.plist */ = {isa = PBXFileReference; lastKnownFileType = text.plist.xml; path = Info.plist; sourceTree = "<group>"; };
		A179167C248B9BF4000710F2 /* clock-sampleTests.xctest */ = {isa = PBXFileReference; explicitFileType = wrapper.cfbundle; includeInIndex = 0; path = "clock-sampleTests.xctest"; sourceTree = BUILT_PRODUCTS_DIR; };
		A1791680248B9BF4000710F2 /* clock_sampleTests.swift */ = {isa = PBXFileReference; lastKnownFileType = sourcecode.swift; path = clock_sampleTests.swift; sourceTree = "<group>"; };
		A1791682248B9BF4000710F2 /* Info.plist */ = {isa = PBXFileReference; lastKnownFileType = text.plist.xml; path = Info.plist; sourceTree = "<group>"; };
		A1791687248B9BF4000710F2 /* clock-sampleUITests.xctest */ = {isa = PBXFileReference; explicitFileType = wrapper.cfbundle; includeInIndex = 0; path = "clock-sampleUITests.xctest"; sourceTree = BUILT_PRODUCTS_DIR; };
		A179168B248B9BF4000710F2 /* clock_sampleUITests.swift */ = {isa = PBXFileReference; lastKnownFileType = sourcecode.swift; path = clock_sampleUITests.swift; sourceTree = "<group>"; };
		A179168D248B9BF4000710F2 /* Info.plist */ = {isa = PBXFileReference; lastKnownFileType = text.plist.xml; path = Info.plist; sourceTree = "<group>"; };
		A1791699248B9E70000710F2 /* XzMainTabController.swift */ = {isa = PBXFileReference; lastKnownFileType = sourcecode.swift; path = XzMainTabController.swift; sourceTree = "<group>"; };
		A179169C248B9EEA000710F2 /* XzWorldClockVC.swift */ = {isa = PBXFileReference; lastKnownFileType = sourcecode.swift; path = XzWorldClockVC.swift; sourceTree = "<group>"; };
		A179169E248B9F05000710F2 /* XzAlarmVC.swift */ = {isa = PBXFileReference; lastKnownFileType = sourcecode.swift; path = XzAlarmVC.swift; sourceTree = "<group>"; };
		A17916A0248B9F16000710F2 /* XzBedTimeVC.swift */ = {isa = PBXFileReference; lastKnownFileType = sourcecode.swift; path = XzBedTimeVC.swift; sourceTree = "<group>"; };
		A17916A2248B9F22000710F2 /* XzStopwatchVC.swift */ = {isa = PBXFileReference; lastKnownFileType = sourcecode.swift; path = XzStopwatchVC.swift; sourceTree = "<group>"; };
		A17916A4248B9F35000710F2 /* XzTimerVC.swift */ = {isa = PBXFileReference; lastKnownFileType = sourcecode.swift; path = XzTimerVC.swift; sourceTree = "<group>"; };
		A19022052494D91000D36EE5 /* XzMinuteClockLayer.swift */ = {isa = PBXFileReference; lastKnownFileType = sourcecode.swift; path = XzMinuteClockLayer.swift; sourceTree = "<group>"; };
		A190220A2494DABD00D36EE5 /* XzClockUtils.swift */ = {isa = PBXFileReference; lastKnownFileType = sourcecode.swift; path = XzClockUtils.swift; sourceTree = "<group>"; };
		A1CA02D4248D1C3100E88597 /* XzLapTableCellVC.swift */ = {isa = PBXFileReference; lastKnownFileType = sourcecode.swift; path = XzLapTableCellVC.swift; sourceTree = "<group>"; };
		A1E1A0E5248F7806006CAB0E /* XzLapInfo.swift */ = {isa = PBXFileReference; lastKnownFileType = sourcecode.swift; path = XzLapInfo.swift; sourceTree = "<group>"; };
		A1E1A0E92490C4C6006CAB0E /* XzClockAnalogView.swift */ = {isa = PBXFileReference; lastKnownFileType = sourcecode.swift; path = XzClockAnalogView.swift; sourceTree = "<group>"; };
		A1FE5EF5248E482800BC88E5 /* XzTriggerButton.swift */ = {isa = PBXFileReference; lastKnownFileType = sourcecode.swift; path = XzTriggerButton.swift; sourceTree = "<group>"; };
		A1FE5EF7248E4DD300BC88E5 /* XzExtraButton.swift */ = {isa = PBXFileReference; lastKnownFileType = sourcecode.swift; path = XzExtraButton.swift; sourceTree = "<group>"; };
/* End PBXFileReference section */

/* Begin PBXFrameworksBuildPhase section */
		A1791663248B9BF3000710F2 /* Frameworks */ = {
			isa = PBXFrameworksBuildPhase;
			buildActionMask = 2147483647;
			files = (
			);
			runOnlyForDeploymentPostprocessing = 0;
		};
		A1791679248B9BF4000710F2 /* Frameworks */ = {
			isa = PBXFrameworksBuildPhase;
			buildActionMask = 2147483647;
			files = (
			);
			runOnlyForDeploymentPostprocessing = 0;
		};
		A1791684248B9BF4000710F2 /* Frameworks */ = {
			isa = PBXFrameworksBuildPhase;
			buildActionMask = 2147483647;
			files = (
			);
			runOnlyForDeploymentPostprocessing = 0;
		};
/* End PBXFrameworksBuildPhase section */

/* Begin PBXGroup section */
		A16FB018248CDAF10046D1DF /* ClockVCs */ = {
			isa = PBXGroup;
			children = (
				A16FB016248CC5810046D1DF /* XzClockPageVC.swift */,
				A16FB012248CC4300046D1DF /* XzClockDigitalVC.swift */,
				A16FB014248CC4750046D1DF /* XzClockAnalogVC.swift */,
			);
			path = ClockVCs;
			sourceTree = "<group>";
		};
		A179165D248B9BF3000710F2 = {
			isa = PBXGroup;
			children = (
				A1791668248B9BF3000710F2 /* clock-sample */,
				A179167F248B9BF4000710F2 /* clock-sampleTests */,
				A179168A248B9BF4000710F2 /* clock-sampleUITests */,
				A1791667248B9BF3000710F2 /* Products */,
			);
			sourceTree = "<group>";
		};
		A1791667248B9BF3000710F2 /* Products */ = {
			isa = PBXGroup;
			children = (
				A1791666248B9BF3000710F2 /* clock-sample.app */,
				A179167C248B9BF4000710F2 /* clock-sampleTests.xctest */,
				A1791687248B9BF4000710F2 /* clock-sampleUITests.xctest */,
			);
			name = Products;
			sourceTree = "<group>";
		};
		A1791668248B9BF3000710F2 /* clock-sample */ = {
			isa = PBXGroup;
			children = (
				A17916A6248BA2DE000710F2 /* Controls */,
				A179169B248B9EB5000710F2 /* ViewControllers */,
				A1791669248B9BF3000710F2 /* AppDelegate.swift */,
				A1791672248B9BF4000710F2 /* Assets.xcassets */,
				A1791674248B9BF4000710F2 /* LaunchScreen.storyboard */,
				A1791677248B9BF4000710F2 /* Info.plist */,
				A1791699248B9E70000710F2 /* XzMainTabController.swift */,
				A16FB010248BD9F20046D1DF /* XzConstColor.swift */,
				A16C0F442493AAFC0067C6B6 /* XzUtils.swift */,
			);
			path = "clock-sample";
			sourceTree = "<group>";
		};
		A179167F248B9BF4000710F2 /* clock-sampleTests */ = {
			isa = PBXGroup;
			children = (
				A1791680248B9BF4000710F2 /* clock_sampleTests.swift */,
				A1791682248B9BF4000710F2 /* Info.plist */,
			);
			path = "clock-sampleTests";
			sourceTree = "<group>";
		};
		A179168A248B9BF4000710F2 /* clock-sampleUITests */ = {
			isa = PBXGroup;
			children = (
				A179168B248B9BF4000710F2 /* clock_sampleUITests.swift */,
				A179168D248B9BF4000710F2 /* Info.plist */,
			);
			path = "clock-sampleUITests";
			sourceTree = "<group>";
		};
		A179169B248B9EB5000710F2 /* ViewControllers */ = {
			isa = PBXGroup;
			children = (
				A17916A7248BBDCA000710F2 /* StopwatchVC */,
				A179169C248B9EEA000710F2 /* XzWorldClockVC.swift */,
				A179169E248B9F05000710F2 /* XzAlarmVC.swift */,
				A17916A0248B9F16000710F2 /* XzBedTimeVC.swift */,
				A17916A4248B9F35000710F2 /* XzTimerVC.swift */,
			);
			path = ViewControllers;
			sourceTree = "<group>";
		};
		A17916A6248BA2DE000710F2 /* Controls */ = {
			isa = PBXGroup;
			children = (
				A1E771CE248E2E1600F85EA6 /* RoundButton */,
			);
			path = Controls;
			sourceTree = "<group>";
		};
		A17916A7248BBDCA000710F2 /* StopwatchVC */ = {
			isa = PBXGroup;
			children = (
				A1E1A0EB2490C4CE006CAB0E /* Views */,
				A1FE5EF4248E47DA00BC88E5 /* Controls */,
				A1CA02D3248D1C1100E88597 /* LapTableVC */,
				A16FB018248CDAF10046D1DF /* ClockVCs */,
				A17916A2248B9F22000710F2 /* XzStopwatchVC.swift */,
			);
			path = StopwatchVC;
			sourceTree = "<group>";
		};
		A19022092494DA9F00D36EE5 /* ClockAnalogView */ = {
			isa = PBXGroup;
			children = (
				A1E1A0E92490C4C6006CAB0E /* XzClockAnalogView.swift */,
				A16C0F4224939D7B0067C6B6 /* XzClockLayer.swift */,
				A19022052494D91000D36EE5 /* XzMinuteClockLayer.swift */,
				A190220A2494DABD00D36EE5 /* XzClockUtils.swift */,
				A125939424950A4700DEBBB3 /* XzClockConst.swift */,
			);
			path = ClockAnalogView;
			sourceTree = "<group>";
		};
		A1CA02D3248D1C1100E88597 /* LapTableVC */ = {
			isa = PBXGroup;
			children = (
				A16FB008248BBEE30046D1DF /* XzLapTableVC.swift */,
				A1CA02D4248D1C3100E88597 /* XzLapTableCellVC.swift */,
				A1E1A0E5248F7806006CAB0E /* XzLapInfo.swift */,
			);
			path = LapTableVC;
			sourceTree = "<group>";
		};
		A1E1A0EB2490C4CE006CAB0E /* Views */ = {
			isa = PBXGroup;
			children = (
				A19022092494DA9F00D36EE5 /* ClockAnalogView */,
			);
			path = Views;
			sourceTree = "<group>";
		};
		A1E771CE248E2E1600F85EA6 /* RoundButton */ = {
			isa = PBXGroup;
			children = (
				A16FB00C248BC8160046D1DF /* XzRoundButton.swift */,
			);
			path = RoundButton;
			sourceTree = "<group>";
		};
		A1FE5EF4248E47DA00BC88E5 /* Controls */ = {
			isa = PBXGroup;
			children = (
				A1FE5EF5248E482800BC88E5 /* XzTriggerButton.swift */,
				A1FE5EF7248E4DD300BC88E5 /* XzExtraButton.swift */,
			);
			path = Controls;
			sourceTree = "<group>";
		};
/* End PBXGroup section */

/* Begin PBXNativeTarget section */
		A1791665248B9BF3000710F2 /* clock-sample */ = {
			isa = PBXNativeTarget;
			buildConfigurationList = A1791690248B9BF4000710F2 /* Build configuration list for PBXNativeTarget "clock-sample" */;
			buildPhases = (
				A1791662248B9BF3000710F2 /* Sources */,
				A1791663248B9BF3000710F2 /* Frameworks */,
				A1791664248B9BF3000710F2 /* Resources */,
			);
			buildRules = (
			);
			dependencies = (
			);
			name = "clock-sample";
			productName = "clock-sample";
			productReference = A1791666248B9BF3000710F2 /* clock-sample.app */;
			productType = "com.apple.product-type.application";
		};
		A179167B248B9BF4000710F2 /* clock-sampleTests */ = {
			isa = PBXNativeTarget;
			buildConfigurationList = A1791693248B9BF4000710F2 /* Build configuration list for PBXNativeTarget "clock-sampleTests" */;
			buildPhases = (
				A1791678248B9BF4000710F2 /* Sources */,
				A1791679248B9BF4000710F2 /* Frameworks */,
				A179167A248B9BF4000710F2 /* Resources */,
			);
			buildRules = (
			);
			dependencies = (
				A179167E248B9BF4000710F2 /* PBXTargetDependency */,
			);
			name = "clock-sampleTests";
			productName = "clock-sampleTests";
			productReference = A179167C248B9BF4000710F2 /* clock-sampleTests.xctest */;
			productType = "com.apple.product-type.bundle.unit-test";
		};
		A1791686248B9BF4000710F2 /* clock-sampleUITests */ = {
			isa = PBXNativeTarget;
			buildConfigurationList = A1791696248B9BF4000710F2 /* Build configuration list for PBXNativeTarget "clock-sampleUITests" */;
			buildPhases = (
				A1791683248B9BF4000710F2 /* Sources */,
				A1791684248B9BF4000710F2 /* Frameworks */,
				A1791685248B9BF4000710F2 /* Resources */,
			);
			buildRules = (
			);
			dependencies = (
				A1791689248B9BF4000710F2 /* PBXTargetDependency */,
			);
			name = "clock-sampleUITests";
			productName = "clock-sampleUITests";
			productReference = A1791687248B9BF4000710F2 /* clock-sampleUITests.xctest */;
			productType = "com.apple.product-type.bundle.ui-testing";
		};
/* End PBXNativeTarget section */

/* Begin PBXProject section */
		A179165E248B9BF3000710F2 /* Project object */ = {
			isa = PBXProject;
			attributes = {
				LastSwiftUpdateCheck = 1150;
				LastUpgradeCheck = 1150;
				ORGANIZATIONNAME = "한선수";
				TargetAttributes = {
					A1791665248B9BF3000710F2 = {
						CreatedOnToolsVersion = 11.5;
					};
					A179167B248B9BF4000710F2 = {
						CreatedOnToolsVersion = 11.5;
						TestTargetID = A1791665248B9BF3000710F2;
					};
					A1791686248B9BF4000710F2 = {
						CreatedOnToolsVersion = 11.5;
						TestTargetID = A1791665248B9BF3000710F2;
					};
				};
			};
			buildConfigurationList = A1791661248B9BF3000710F2 /* Build configuration list for PBXProject "clock-sample" */;
			compatibilityVersion = "Xcode 9.3";
			developmentRegion = en;
			hasScannedForEncodings = 0;
			knownRegions = (
				en,
				Base,
			);
			mainGroup = A179165D248B9BF3000710F2;
			productRefGroup = A1791667248B9BF3000710F2 /* Products */;
			projectDirPath = "";
			projectRoot = "";
			targets = (
				A1791665248B9BF3000710F2 /* clock-sample */,
				A179167B248B9BF4000710F2 /* clock-sampleTests */,
				A1791686248B9BF4000710F2 /* clock-sampleUITests */,
			);
		};
/* End PBXProject section */

/* Begin PBXResourcesBuildPhase section */
		A1791664248B9BF3000710F2 /* Resources */ = {
			isa = PBXResourcesBuildPhase;
			buildActionMask = 2147483647;
			files = (
				A1791676248B9BF4000710F2 /* LaunchScreen.storyboard in Resources */,
				A1791673248B9BF4000710F2 /* Assets.xcassets in Resources */,
			);
			runOnlyForDeploymentPostprocessing = 0;
		};
		A179167A248B9BF4000710F2 /* Resources */ = {
			isa = PBXResourcesBuildPhase;
			buildActionMask = 2147483647;
			files = (
			);
			runOnlyForDeploymentPostprocessing = 0;
		};
		A1791685248B9BF4000710F2 /* Resources */ = {
			isa = PBXResourcesBuildPhase;
			buildActionMask = 2147483647;
			files = (
			);
			runOnlyForDeploymentPostprocessing = 0;
		};
/* End PBXResourcesBuildPhase section */

/* Begin PBXSourcesBuildPhase section */
		A1791662248B9BF3000710F2 /* Sources */ = {
			isa = PBXSourcesBuildPhase;
			buildActionMask = 2147483647;
			files = (
				A179169D248B9EEA000710F2 /* XzWorldClockVC.swift in Sources */,
				A179169A248B9E70000710F2 /* XzMainTabController.swift in Sources */,
				A125939524950A4700DEBBB3 /* XzClockConst.swift in Sources */,
				A19022062494D91000D36EE5 /* XzMinuteClockLayer.swift in Sources */,
				A179169F248B9F05000710F2 /* XzAlarmVC.swift in Sources */,
				A16FB009248BBEE30046D1DF /* XzLapTableVC.swift in Sources */,
				A16C0F452493AAFC0067C6B6 /* XzUtils.swift in Sources */,
				A16FB017248CC5810046D1DF /* XzClockPageVC.swift in Sources */,
				A1E1A0E6248F7806006CAB0E /* XzLapInfo.swift in Sources */,
				A17916A5248B9F35000710F2 /* XzTimerVC.swift in Sources */,
				A1FE5EF8248E4DD300BC88E5 /* XzExtraButton.swift in Sources */,
				A179166A248B9BF3000710F2 /* AppDelegate.swift in Sources */,
				A16C0F4324939D7B0067C6B6 /* XzClockLayer.swift in Sources */,
				A16FB00D248BC8160046D1DF /* XzRoundButton.swift in Sources */,
				A1CA02D5248D1C3100E88597 /* XzLapTableCellVC.swift in Sources */,
				A17916A3248B9F22000710F2 /* XzStopwatchVC.swift in Sources */,
				A17916A1248B9F16000710F2 /* XzBedTimeVC.swift in Sources */,
				A16FB013248CC4300046D1DF /* XzClockDigitalVC.swift in Sources */,
				A16FB015248CC4750046D1DF /* XzClockAnalogVC.swift in Sources */,
				A1FE5EF6248E482800BC88E5 /* XzTriggerButton.swift in Sources */,
				A16FB011248BD9F20046D1DF /* XzConstColor.swift in Sources */,
				A1E1A0EA2490C4C6006CAB0E /* XzClockAnalogView.swift in Sources */,
				A190220B2494DABD00D36EE5 /* XzClockUtils.swift in Sources */,
			);
			runOnlyForDeploymentPostprocessing = 0;
		};
		A1791678248B9BF4000710F2 /* Sources */ = {
			isa = PBXSourcesBuildPhase;
			buildActionMask = 2147483647;
			files = (
				A1791681248B9BF4000710F2 /* clock_sampleTests.swift in Sources */,
			);
			runOnlyForDeploymentPostprocessing = 0;
		};
		A1791683248B9BF4000710F2 /* Sources */ = {
			isa = PBXSourcesBuildPhase;
			buildActionMask = 2147483647;
			files = (
				A179168C248B9BF4000710F2 /* clock_sampleUITests.swift in Sources */,
			);
			runOnlyForDeploymentPostprocessing = 0;
		};
/* End PBXSourcesBuildPhase section */

/* Begin PBXTargetDependency section */
		A179167E248B9BF4000710F2 /* PBXTargetDependency */ = {
			isa = PBXTargetDependency;
			target = A1791665248B9BF3000710F2 /* clock-sample */;
			targetProxy = A179167D248B9BF4000710F2 /* PBXContainerItemProxy */;
		};
		A1791689248B9BF4000710F2 /* PBXTargetDependency */ = {
			isa = PBXTargetDependency;
			target = A1791665248B9BF3000710F2 /* clock-sample */;
			targetProxy = A1791688248B9BF4000710F2 /* PBXContainerItemProxy */;
		};
/* End PBXTargetDependency section */

/* Begin PBXVariantGroup section */
		A1791674248B9BF4000710F2 /* LaunchScreen.storyboard */ = {
			isa = PBXVariantGroup;
			children = (
				A1791675248B9BF4000710F2 /* Base */,
			);
			name = LaunchScreen.storyboard;
			sourceTree = "<group>";
		};
/* End PBXVariantGroup section */

/* Begin XCBuildConfiguration section */
		A179168E248B9BF4000710F2 /* Debug */ = {
			isa = XCBuildConfiguration;
			buildSettings = {
				ALWAYS_SEARCH_USER_PATHS = NO;
				CLANG_ANALYZER_NONNULL = YES;
				CLANG_ANALYZER_NUMBER_OBJECT_CONVERSION = YES_AGGRESSIVE;
				CLANG_CXX_LANGUAGE_STANDARD = "gnu++14";
				CLANG_CXX_LIBRARY = "libc++";
				CLANG_ENABLE_MODULES = YES;
				CLANG_ENABLE_OBJC_ARC = YES;
				CLANG_ENABLE_OBJC_WEAK = YES;
				CLANG_WARN_BLOCK_CAPTURE_AUTORELEASING = YES;
				CLANG_WARN_BOOL_CONVERSION = YES;
				CLANG_WARN_COMMA = YES;
				CLANG_WARN_CONSTANT_CONVERSION = YES;
				CLANG_WARN_DEPRECATED_OBJC_IMPLEMENTATIONS = YES;
				CLANG_WARN_DIRECT_OBJC_ISA_USAGE = YES_ERROR;
				CLANG_WARN_DOCUMENTATION_COMMENTS = YES;
				CLANG_WARN_EMPTY_BODY = YES;
				CLANG_WARN_ENUM_CONVERSION = YES;
				CLANG_WARN_INFINITE_RECURSION = YES;
				CLANG_WARN_INT_CONVERSION = YES;
				CLANG_WARN_NON_LITERAL_NULL_CONVERSION = YES;
				CLANG_WARN_OBJC_IMPLICIT_RETAIN_SELF = YES;
				CLANG_WARN_OBJC_LITERAL_CONVERSION = YES;
				CLANG_WARN_OBJC_ROOT_CLASS = YES_ERROR;
				CLANG_WARN_RANGE_LOOP_ANALYSIS = YES;
				CLANG_WARN_STRICT_PROTOTYPES = YES;
				CLANG_WARN_SUSPICIOUS_MOVE = YES;
				CLANG_WARN_UNGUARDED_AVAILABILITY = YES_AGGRESSIVE;
				CLANG_WARN_UNREACHABLE_CODE = YES;
				CLANG_WARN__DUPLICATE_METHOD_MATCH = YES;
				COPY_PHASE_STRIP = NO;
				DEBUG_INFORMATION_FORMAT = dwarf;
				ENABLE_STRICT_OBJC_MSGSEND = YES;
				ENABLE_TESTABILITY = YES;
				GCC_C_LANGUAGE_STANDARD = gnu11;
				GCC_DYNAMIC_NO_PIC = NO;
				GCC_NO_COMMON_BLOCKS = YES;
				GCC_OPTIMIZATION_LEVEL = 0;
				GCC_PREPROCESSOR_DEFINITIONS = (
					"DEBUG=1",
					"$(inherited)",
				);
				GCC_WARN_64_TO_32_BIT_CONVERSION = YES;
				GCC_WARN_ABOUT_RETURN_TYPE = YES_ERROR;
				GCC_WARN_UNDECLARED_SELECTOR = YES;
				GCC_WARN_UNINITIALIZED_AUTOS = YES_AGGRESSIVE;
				GCC_WARN_UNUSED_FUNCTION = YES;
				GCC_WARN_UNUSED_VARIABLE = YES;
				IPHONEOS_DEPLOYMENT_TARGET = 13.5;
				MTL_ENABLE_DEBUG_INFO = INCLUDE_SOURCE;
				MTL_FAST_MATH = YES;
				ONLY_ACTIVE_ARCH = YES;
				SDKROOT = iphoneos;
				SWIFT_ACTIVE_COMPILATION_CONDITIONS = DEBUG;
				SWIFT_OPTIMIZATION_LEVEL = "-Onone";
			};
			name = Debug;
		};
		A179168F248B9BF4000710F2 /* Release */ = {
			isa = XCBuildConfiguration;
			buildSettings = {
				ALWAYS_SEARCH_USER_PATHS = NO;
				CLANG_ANALYZER_NONNULL = YES;
				CLANG_ANALYZER_NUMBER_OBJECT_CONVERSION = YES_AGGRESSIVE;
				CLANG_CXX_LANGUAGE_STANDARD = "gnu++14";
				CLANG_CXX_LIBRARY = "libc++";
				CLANG_ENABLE_MODULES = YES;
				CLANG_ENABLE_OBJC_ARC = YES;
				CLANG_ENABLE_OBJC_WEAK = YES;
				CLANG_WARN_BLOCK_CAPTURE_AUTORELEASING = YES;
				CLANG_WARN_BOOL_CONVERSION = YES;
				CLANG_WARN_COMMA = YES;
				CLANG_WARN_CONSTANT_CONVERSION = YES;
				CLANG_WARN_DEPRECATED_OBJC_IMPLEMENTATIONS = YES;
				CLANG_WARN_DIRECT_OBJC_ISA_USAGE = YES_ERROR;
				CLANG_WARN_DOCUMENTATION_COMMENTS = YES;
				CLANG_WARN_EMPTY_BODY = YES;
				CLANG_WARN_ENUM_CONVERSION = YES;
				CLANG_WARN_INFINITE_RECURSION = YES;
				CLANG_WARN_INT_CONVERSION = YES;
				CLANG_WARN_NON_LITERAL_NULL_CONVERSION = YES;
				CLANG_WARN_OBJC_IMPLICIT_RETAIN_SELF = YES;
				CLANG_WARN_OBJC_LITERAL_CONVERSION = YES;
				CLANG_WARN_OBJC_ROOT_CLASS = YES_ERROR;
				CLANG_WARN_RANGE_LOOP_ANALYSIS = YES;
				CLANG_WARN_STRICT_PROTOTYPES = YES;
				CLANG_WARN_SUSPICIOUS_MOVE = YES;
				CLANG_WARN_UNGUARDED_AVAILABILITY = YES_AGGRESSIVE;
				CLANG_WARN_UNREACHABLE_CODE = YES;
				CLANG_WARN__DUPLICATE_METHOD_MATCH = YES;
				COPY_PHASE_STRIP = NO;
				DEBUG_INFORMATION_FORMAT = "dwarf-with-dsym";
				ENABLE_NS_ASSERTIONS = NO;
				ENABLE_STRICT_OBJC_MSGSEND = YES;
				GCC_C_LANGUAGE_STANDARD = gnu11;
				GCC_NO_COMMON_BLOCKS = YES;
				GCC_WARN_64_TO_32_BIT_CONVERSION = YES;
				GCC_WARN_ABOUT_RETURN_TYPE = YES_ERROR;
				GCC_WARN_UNDECLARED_SELECTOR = YES;
				GCC_WARN_UNINITIALIZED_AUTOS = YES_AGGRESSIVE;
				GCC_WARN_UNUSED_FUNCTION = YES;
				GCC_WARN_UNUSED_VARIABLE = YES;
				IPHONEOS_DEPLOYMENT_TARGET = 13.5;
				MTL_ENABLE_DEBUG_INFO = NO;
				MTL_FAST_MATH = YES;
				SDKROOT = iphoneos;
				SWIFT_COMPILATION_MODE = wholemodule;
				SWIFT_OPTIMIZATION_LEVEL = "-O";
				VALIDATE_PRODUCT = YES;
			};
			name = Release;
		};
		A1791691248B9BF4000710F2 /* Debug */ = {
			isa = XCBuildConfiguration;
			buildSettings = {
				ASSETCATALOG_COMPILER_APPICON_NAME = AppIcon;
				CODE_SIGN_STYLE = Automatic;
				DEVELOPMENT_TEAM = S6DQ9A36X5;
				INFOPLIST_FILE = "clock-sample/Info.plist";
				LD_RUNPATH_SEARCH_PATHS = (
					"$(inherited)",
					"@executable_path/Frameworks",
				);
				PRODUCT_BUNDLE_IDENTIFIER = "com.mymac.clock-sample";
				PRODUCT_NAME = "$(TARGET_NAME)";
				SWIFT_VERSION = 5.0;
				TARGETED_DEVICE_FAMILY = "1,2";
			};
			name = Debug;
		};
		A1791692248B9BF4000710F2 /* Release */ = {
			isa = XCBuildConfiguration;
			buildSettings = {
				ASSETCATALOG_COMPILER_APPICON_NAME = AppIcon;
				CODE_SIGN_STYLE = Automatic;
				DEVELOPMENT_TEAM = S6DQ9A36X5;
				INFOPLIST_FILE = "clock-sample/Info.plist";
				LD_RUNPATH_SEARCH_PATHS = (
					"$(inherited)",
					"@executable_path/Frameworks",
				);
				PRODUCT_BUNDLE_IDENTIFIER = "com.mymac.clock-sample";
				PRODUCT_NAME = "$(TARGET_NAME)";
				SWIFT_VERSION = 5.0;
				TARGETED_DEVICE_FAMILY = "1,2";
			};
			name = Release;
		};
		A1791694248B9BF4000710F2 /* Debug */ = {
			isa = XCBuildConfiguration;
			buildSettings = {
				ALWAYS_EMBED_SWIFT_STANDARD_LIBRARIES = YES;
				BUNDLE_LOADER = "$(TEST_HOST)";
				CODE_SIGN_STYLE = Automatic;
				DEVELOPMENT_TEAM = S6DQ9A36X5;
				INFOPLIST_FILE = "clock-sampleTests/Info.plist";
				IPHONEOS_DEPLOYMENT_TARGET = 13.5;
				LD_RUNPATH_SEARCH_PATHS = (
					"$(inherited)",
					"@executable_path/Frameworks",
					"@loader_path/Frameworks",
				);
				PRODUCT_BUNDLE_IDENTIFIER = "com.mymac.clock-sampleTests";
				PRODUCT_NAME = "$(TARGET_NAME)";
				SWIFT_VERSION = 5.0;
				TARGETED_DEVICE_FAMILY = "1,2";
				TEST_HOST = "$(BUILT_PRODUCTS_DIR)/clock-sample.app/clock-sample";
			};
			name = Debug;
		};
		A1791695248B9BF4000710F2 /* Release */ = {
			isa = XCBuildConfiguration;
			buildSettings = {
				ALWAYS_EMBED_SWIFT_STANDARD_LIBRARIES = YES;
				BUNDLE_LOADER = "$(TEST_HOST)";
				CODE_SIGN_STYLE = Automatic;
				DEVELOPMENT_TEAM = S6DQ9A36X5;
				INFOPLIST_FILE = "clock-sampleTests/Info.plist";
				IPHONEOS_DEPLOYMENT_TARGET = 13.5;
				LD_RUNPATH_SEARCH_PATHS = (
					"$(inherited)",
					"@executable_path/Frameworks",
					"@loader_path/Frameworks",
				);
				PRODUCT_BUNDLE_IDENTIFIER = "com.mymac.clock-sampleTests";
				PRODUCT_NAME = "$(TARGET_NAME)";
				SWIFT_VERSION = 5.0;
				TARGETED_DEVICE_FAMILY = "1,2";
				TEST_HOST = "$(BUILT_PRODUCTS_DIR)/clock-sample.app/clock-sample";
			};
			name = Release;
		};
		A1791697248B9BF4000710F2 /* Debug */ = {
			isa = XCBuildConfiguration;
			buildSettings = {
				ALWAYS_EMBED_SWIFT_STANDARD_LIBRARIES = YES;
				CODE_SIGN_STYLE = Automatic;
				DEVELOPMENT_TEAM = S6DQ9A36X5;
				INFOPLIST_FILE = "clock-sampleUITests/Info.plist";
				LD_RUNPATH_SEARCH_PATHS = (
					"$(inherited)",
					"@executable_path/Frameworks",
					"@loader_path/Frameworks",
				);
				PRODUCT_BUNDLE_IDENTIFIER = "com.mymac.clock-sampleUITests";
				PRODUCT_NAME = "$(TARGET_NAME)";
				SWIFT_VERSION = 5.0;
				TARGETED_DEVICE_FAMILY = "1,2";
				TEST_TARGET_NAME = "clock-sample";
			};
			name = Debug;
		};
		A1791698248B9BF4000710F2 /* Release */ = {
			isa = XCBuildConfiguration;
			buildSettings = {
				ALWAYS_EMBED_SWIFT_STANDARD_LIBRARIES = YES;
				CODE_SIGN_STYLE = Automatic;
				DEVELOPMENT_TEAM = S6DQ9A36X5;
				INFOPLIST_FILE = "clock-sampleUITests/Info.plist";
				LD_RUNPATH_SEARCH_PATHS = (
					"$(inherited)",
					"@executable_path/Frameworks",
					"@loader_path/Frameworks",
				);
				PRODUCT_BUNDLE_IDENTIFIER = "com.mymac.clock-sampleUITests";
				PRODUCT_NAME = "$(TARGET_NAME)";
				SWIFT_VERSION = 5.0;
				TARGETED_DEVICE_FAMILY = "1,2";
				TEST_TARGET_NAME = "clock-sample";
			};
			name = Release;
		};
/* End XCBuildConfiguration section */

/* Begin XCConfigurationList section */
		A1791661248B9BF3000710F2 /* Build configuration list for PBXProject "clock-sample" */ = {
			isa = XCConfigurationList;
			buildConfigurations = (
				A179168E248B9BF4000710F2 /* Debug */,
				A179168F248B9BF4000710F2 /* Release */,
			);
			defaultConfigurationIsVisible = 0;
			defaultConfigurationName = Release;
		};
		A1791690248B9BF4000710F2 /* Build configuration list for PBXNativeTarget "clock-sample" */ = {
			isa = XCConfigurationList;
			buildConfigurations = (
				A1791691248B9BF4000710F2 /* Debug */,
				A1791692248B9BF4000710F2 /* Release */,
			);
			defaultConfigurationIsVisible = 0;
			defaultConfigurationName = Release;
		};
		A1791693248B9BF4000710F2 /* Build configuration list for PBXNativeTarget "clock-sampleTests" */ = {
			isa = XCConfigurationList;
			buildConfigurations = (
				A1791694248B9BF4000710F2 /* Debug */,
				A1791695248B9BF4000710F2 /* Release */,
			);
			defaultConfigurationIsVisible = 0;
			defaultConfigurationName = Release;
		};
		A1791696248B9BF4000710F2 /* Build configuration list for PBXNativeTarget "clock-sampleUITests" */ = {
			isa = XCConfigurationList;
			buildConfigurations = (
				A1791697248B9BF4000710F2 /* Debug */,
				A1791698248B9BF4000710F2 /* Release */,
			);
			defaultConfigurationIsVisible = 0;
			defaultConfigurationName = Release;
		};
/* End XCConfigurationList section */
	};
	rootObject = A179165E248B9BF3000710F2 /* Project object */;
}
